
Microsoft Visual Studio Solution File, Format Version 12.00
# Visual Studio Version 16
VisualStudioVersion = 16.0.30011.22
MinimumVisualStudioVersion = 10.0.40219.1
Project("{FAE04EC0-301F-11D3-BF4B-00C04F79EFBC}") = "WSVentas", "WSVentas\WSVentas.csproj", "{B9673F73-4CAC-4390-921E-47243AEACC7A}"
EndProject
Global
	GlobalSection(SolutionConfigurationPlatforms) = preSolution
		Debug|Any CPU = Debug|Any CPU
		Release|Any CPU = Release|Any CPU
	EndGlobalSection
	GlobalSection(ProjectConfigurationPlatforms) = postSolution
		{B9673F73-4CAC-4390-921E-47243AEACC7A}.Debug|Any CPU.ActiveCfg = Debug|Any CPU
		{B9673F73-4CAC-4390-921E-47243AEACC7A}.Debug|Any CPU.Build.0 = Debug|Any CPU
		{B9673F73-4CAC-4390-921E-47243AEACC7A}.Release|Any CPU.ActiveCfg = Release|Any CPU
		{B9673F73-4CAC-4390-921E-47243AEACC7A}.Release|Any CPU.Build.0 = Release|Any CPU
	EndGlobalSection
	GlobalSection(SolutionProperties) = preSolution
		HideSolutionNode = FALSE
	EndGlobalSection
	GlobalSection(ExtensibilityGlobals) = postSolution
		SolutionGuid = {28E83434-99F2-4EC8-A8AD-3235CA21F161}
	EndGlobalSection
EndGlobal
